// !$*UTF8*$!
{
	archiveVersion = 1;
	classes = {
	};
	objectVersion = 55;
	objects = {

/* Begin PBXBuildFile section */
		1D9F0C7F284A198200C7AD1E /* HomeView.swift in Sources */ = {isa = PBXBuildFile; fileRef = 1D9F0C7E284A198200C7AD1E /* HomeView.swift */; };
		1D9F0C80284A198200C7AD1E /* HomeView.swift in Sources */ = {isa = PBXBuildFile; fileRef = 1D9F0C7E284A198200C7AD1E /* HomeView.swift */; };
		1D9F0C81284A198200C7AD1E /* HomeView.swift in Sources */ = {isa = PBXBuildFile; fileRef = 1D9F0C7E284A198200C7AD1E /* HomeView.swift */; };
		1D9F0C82284A198200C7AD1E /* HomeView.swift in Sources */ = {isa = PBXBuildFile; fileRef = 1D9F0C7E284A198200C7AD1E /* HomeView.swift */; };
		1D9F0C84284A1A4F00C7AD1E /* NameView.swift in Sources */ = {isa = PBXBuildFile; fileRef = 1D9F0C83284A1A4F00C7AD1E /* NameView.swift */; };
		1D9F0C89284A1A8800C7AD1E /* NameView.swift in Sources */ = {isa = PBXBuildFile; fileRef = 1D9F0C83284A1A4F00C7AD1E /* NameView.swift */; };
		CD00A4C4284A0CBC00668CB8 /* Tests_iOS.swift in Sources */ = {isa = PBXBuildFile; fileRef = CD00A4C3284A0CBC00668CB8 /* Tests_iOS.swift */; };
		CD00A4C6284A0CBC00668CB8 /* Tests_iOSLaunchTests.swift in Sources */ = {isa = PBXBuildFile; fileRef = CD00A4C5284A0CBC00668CB8 /* Tests_iOSLaunchTests.swift */; };
		CD00A4D0284A0CBC00668CB8 /* Tests_macOS.swift in Sources */ = {isa = PBXBuildFile; fileRef = CD00A4CF284A0CBC00668CB8 /* Tests_macOS.swift */; };
		CD00A4D2284A0CBC00668CB8 /* Tests_macOSLaunchTests.swift in Sources */ = {isa = PBXBuildFile; fileRef = CD00A4D1284A0CBC00668CB8 /* Tests_macOSLaunchTests.swift */; };
		CD00A4D3284A0CBC00668CB8 /* NamePredictionApp.swift in Sources */ = {isa = PBXBuildFile; fileRef = CD00A4AB284A0CBB00668CB8 /* NamePredictionApp.swift */; };
		CD00A4D4284A0CBC00668CB8 /* NamePredictionApp.swift in Sources */ = {isa = PBXBuildFile; fileRef = CD00A4AB284A0CBB00668CB8 /* NamePredictionApp.swift */; };
		CD00A4D5284A0CBC00668CB8 /* ContentView.swift in Sources */ = {isa = PBXBuildFile; fileRef = CD00A4AC284A0CBB00668CB8 /* ContentView.swift */; };
		CD00A4D6284A0CBC00668CB8 /* ContentView.swift in Sources */ = {isa = PBXBuildFile; fileRef = CD00A4AC284A0CBB00668CB8 /* ContentView.swift */; };
		CD00A4D7284A0CBC00668CB8 /* Assets.xcassets in Resources */ = {isa = PBXBuildFile; fileRef = CD00A4AD284A0CBB00668CB8 /* Assets.xcassets */; };
		CD00A4D8284A0CBC00668CB8 /* Assets.xcassets in Resources */ = {isa = PBXBuildFile; fileRef = CD00A4AD284A0CBB00668CB8 /* Assets.xcassets */; };
/* End PBXBuildFile section */

/* Begin PBXContainerItemProxy section */
		CD00A4C0284A0CBC00668CB8 /* PBXContainerItemProxy */ = {
			isa = PBXContainerItemProxy;
			containerPortal = CD00A4A6284A0CBB00668CB8 /* Project object */;
			proxyType = 1;
			remoteGlobalIDString = CD00A4B1284A0CBB00668CB8;
			remoteInfo = "NamePrediction (iOS)";
		};
		CD00A4CC284A0CBC00668CB8 /* PBXContainerItemProxy */ = {
			isa = PBXContainerItemProxy;
			containerPortal = CD00A4A6284A0CBB00668CB8 /* Project object */;
			proxyType = 1;
			remoteGlobalIDString = CD00A4B7284A0CBB00668CB8;
			remoteInfo = "NamePrediction (macOS)";
		};
/* End PBXContainerItemProxy section */

/* Begin PBXFileReference section */
		1D9F0C7E284A198200C7AD1E /* HomeView.swift */ = {isa = PBXFileReference; lastKnownFileType = sourcecode.swift; path = HomeView.swift; sourceTree = "<group>"; };
		1D9F0C83284A1A4F00C7AD1E /* NameView.swift */ = {isa = PBXFileReference; lastKnownFileType = sourcecode.swift; path = NameView.swift; sourceTree = "<group>"; };
		CD00A4AB284A0CBB00668CB8 /* NamePredictionApp.swift */ = {isa = PBXFileReference; lastKnownFileType = sourcecode.swift; path = NamePredictionApp.swift; sourceTree = "<group>"; };
		CD00A4AC284A0CBB00668CB8 /* ContentView.swift */ = {isa = PBXFileReference; lastKnownFileType = sourcecode.swift; path = ContentView.swift; sourceTree = "<group>"; };
		CD00A4AD284A0CBB00668CB8 /* Assets.xcassets */ = {isa = PBXFileReference; lastKnownFileType = folder.assetcatalog; path = Assets.xcassets; sourceTree = "<group>"; };
		CD00A4B2284A0CBB00668CB8 /* NamePrediction.app */ = {isa = PBXFileReference; explicitFileType = wrapper.application; includeInIndex = 0; path = NamePrediction.app; sourceTree = BUILT_PRODUCTS_DIR; };
		CD00A4B8284A0CBB00668CB8 /* NamePrediction.app */ = {isa = PBXFileReference; explicitFileType = wrapper.application; includeInIndex = 0; path = NamePrediction.app; sourceTree = BUILT_PRODUCTS_DIR; };
		CD00A4BA284A0CBB00668CB8 /* macOS.entitlements */ = {isa = PBXFileReference; lastKnownFileType = text.plist.entitlements; path = macOS.entitlements; sourceTree = "<group>"; };
		CD00A4BF284A0CBC00668CB8 /* Tests iOS.xctest */ = {isa = PBXFileReference; explicitFileType = wrapper.cfbundle; includeInIndex = 0; path = "Tests iOS.xctest"; sourceTree = BUILT_PRODUCTS_DIR; };
		CD00A4C3284A0CBC00668CB8 /* Tests_iOS.swift */ = {isa = PBXFileReference; lastKnownFileType = sourcecode.swift; path = Tests_iOS.swift; sourceTree = "<group>"; };
		CD00A4C5284A0CBC00668CB8 /* Tests_iOSLaunchTests.swift */ = {isa = PBXFileReference; lastKnownFileType = sourcecode.swift; path = Tests_iOSLaunchTests.swift; sourceTree = "<group>"; };
		CD00A4CB284A0CBC00668CB8 /* Tests macOS.xctest */ = {isa = PBXFileReference; explicitFileType = wrapper.cfbundle; includeInIndex = 0; path = "Tests macOS.xctest"; sourceTree = BUILT_PRODUCTS_DIR; };
		CD00A4CF284A0CBC00668CB8 /* Tests_macOS.swift */ = {isa = PBXFileReference; lastKnownFileType = sourcecode.swift; path = Tests_macOS.swift; sourceTree = "<group>"; };
		CD00A4D1284A0CBC00668CB8 /* Tests_macOSLaunchTests.swift */ = {isa = PBXFileReference; lastKnownFileType = sourcecode.swift; path = Tests_macOSLaunchTests.swift; sourceTree = "<group>"; };
/* End PBXFileReference section */

/* Begin PBXFrameworksBuildPhase section */
		CD00A4AF284A0CBB00668CB8 /* Frameworks */ = {
			isa = PBXFrameworksBuildPhase;
			buildActionMask = 2147483647;
			files = (
			);
			runOnlyForDeploymentPostprocessing = 0;
		};
		CD00A4B5284A0CBB00668CB8 /* Frameworks */ = {
			isa = PBXFrameworksBuildPhase;
			buildActionMask = 2147483647;
			files = (
			);
			runOnlyForDeploymentPostprocessing = 0;
		};
		CD00A4BC284A0CBC00668CB8 /* Frameworks */ = {
			isa = PBXFrameworksBuildPhase;
			buildActionMask = 2147483647;
			files = (
			);
			runOnlyForDeploymentPostprocessing = 0;
		};
		CD00A4C8284A0CBC00668CB8 /* Frameworks */ = {
			isa = PBXFrameworksBuildPhase;
			buildActionMask = 2147483647;
			files = (
			);
			runOnlyForDeploymentPostprocessing = 0;
		};
/* End PBXFrameworksBuildPhase section */

/* Begin PBXGroup section */
		CD00A4A5284A0CBB00668CB8 = {
			isa = PBXGroup;
			children = (
				CD00A4AA284A0CBB00668CB8 /* Shared */,
				CD00A4B9284A0CBB00668CB8 /* macOS */,
				CD00A4C2284A0CBC00668CB8 /* Tests iOS */,
				CD00A4CE284A0CBC00668CB8 /* Tests macOS */,
				CD00A4B3284A0CBB00668CB8 /* Products */,
			);
			sourceTree = "<group>";
		};
		CD00A4AA284A0CBB00668CB8 /* Shared */ = {
			isa = PBXGroup;
			children = (
				CD00A4AB284A0CBB00668CB8 /* NamePredictionApp.swift */,
				CD00A4AC284A0CBB00668CB8 /* ContentView.swift */,
				CD00A4AD284A0CBB00668CB8 /* Assets.xcassets */,
				1D9F0C7E284A198200C7AD1E /* HomeView.swift */,
				1D9F0C83284A1A4F00C7AD1E /* NameView.swift */,
			);
			path = Shared;
			sourceTree = "<group>";
		};
		CD00A4B3284A0CBB00668CB8 /* Products */ = {
			isa = PBXGroup;
			children = (
				CD00A4B2284A0CBB00668CB8 /* NamePrediction.app */,
				CD00A4B8284A0CBB00668CB8 /* NamePrediction.app */,
				CD00A4BF284A0CBC00668CB8 /* Tests iOS.xctest */,
				CD00A4CB284A0CBC00668CB8 /* Tests macOS.xctest */,
			);
			name = Products;
			sourceTree = "<group>";
		};
		CD00A4B9284A0CBB00668CB8 /* macOS */ = {
			isa = PBXGroup;
			children = (
				CD00A4BA284A0CBB00668CB8 /* macOS.entitlements */,
			);
			path = macOS;
			sourceTree = "<group>";
		};
		CD00A4C2284A0CBC00668CB8 /* Tests iOS */ = {
			isa = PBXGroup;
			children = (
				CD00A4C3284A0CBC00668CB8 /* Tests_iOS.swift */,
				CD00A4C5284A0CBC00668CB8 /* Tests_iOSLaunchTests.swift */,
			);
			path = "Tests iOS";
			sourceTree = "<group>";
		};
		CD00A4CE284A0CBC00668CB8 /* Tests macOS */ = {
			isa = PBXGroup;
			children = (
				CD00A4CF284A0CBC00668CB8 /* Tests_macOS.swift */,
				CD00A4D1284A0CBC00668CB8 /* Tests_macOSLaunchTests.swift */,
			);
			path = "Tests macOS";
			sourceTree = "<group>";
		};
/* End PBXGroup section */

/* Begin PBXNativeTarget section */
		CD00A4B1284A0CBB00668CB8 /* NamePrediction (iOS) */ = {
			isa = PBXNativeTarget;
			buildConfigurationList = CD00A4DB284A0CBC00668CB8 /* Build configuration list for PBXNativeTarget "NamePrediction (iOS)" */;
			buildPhases = (
				CD00A4AE284A0CBB00668CB8 /* Sources */,
				CD00A4AF284A0CBB00668CB8 /* Frameworks */,
				CD00A4B0284A0CBB00668CB8 /* Resources */,
			);
			buildRules = (
			);
			dependencies = (
			);
			name = "NamePrediction (iOS)";
			productName = "NamePrediction (iOS)";
			productReference = CD00A4B2284A0CBB00668CB8 /* NamePrediction.app */;
			productType = "com.apple.product-type.application";
		};
		CD00A4B7284A0CBB00668CB8 /* NamePrediction (macOS) */ = {
			isa = PBXNativeTarget;
			buildConfigurationList = CD00A4DE284A0CBC00668CB8 /* Build configuration list for PBXNativeTarget "NamePrediction (macOS)" */;
			buildPhases = (
				CD00A4B4284A0CBB00668CB8 /* Sources */,
				CD00A4B5284A0CBB00668CB8 /* Frameworks */,
				CD00A4B6284A0CBB00668CB8 /* Resources */,
			);
			buildRules = (
			);
			dependencies = (
			);
			name = "NamePrediction (macOS)";
			productName = "NamePrediction (macOS)";
			productReference = CD00A4B8284A0CBB00668CB8 /* NamePrediction.app */;
			productType = "com.apple.product-type.application";
		};
		CD00A4BE284A0CBC00668CB8 /* Tests iOS */ = {
			isa = PBXNativeTarget;
			buildConfigurationList = CD00A4E1284A0CBC00668CB8 /* Build configuration list for PBXNativeTarget "Tests iOS" */;
			buildPhases = (
				CD00A4BB284A0CBC00668CB8 /* Sources */,
				CD00A4BC284A0CBC00668CB8 /* Frameworks */,
				CD00A4BD284A0CBC00668CB8 /* Resources */,
			);
			buildRules = (
			);
			dependencies = (
				CD00A4C1284A0CBC00668CB8 /* PBXTargetDependency */,
			);
			name = "Tests iOS";
			productName = "Tests iOS";
			productReference = CD00A4BF284A0CBC00668CB8 /* Tests iOS.xctest */;
			productType = "com.apple.product-type.bundle.ui-testing";
		};
		CD00A4CA284A0CBC00668CB8 /* Tests macOS */ = {
			isa = PBXNativeTarget;
			buildConfigurationList = CD00A4E4284A0CBC00668CB8 /* Build configuration list for PBXNativeTarget "Tests macOS" */;
			buildPhases = (
				CD00A4C7284A0CBC00668CB8 /* Sources */,
				CD00A4C8284A0CBC00668CB8 /* Frameworks */,
				CD00A4C9284A0CBC00668CB8 /* Resources */,
			);
			buildRules = (
			);
			dependencies = (
				CD00A4CD284A0CBC00668CB8 /* PBXTargetDependency */,
			);
			name = "Tests macOS";
			productName = "Tests macOS";
			productReference = CD00A4CB284A0CBC00668CB8 /* Tests macOS.xctest */;
			productType = "com.apple.product-type.bundle.ui-testing";
		};
/* End PBXNativeTarget section */

/* Begin PBXProject section */
		CD00A4A6284A0CBB00668CB8 /* Project object */ = {
			isa = PBXProject;
			attributes = {
				BuildIndependentTargetsInParallel = 1;
				LastSwiftUpdateCheck = 1330;
				LastUpgradeCheck = 1330;
				TargetAttributes = {
					CD00A4B1284A0CBB00668CB8 = {
						CreatedOnToolsVersion = 13.3.1;
					};
					CD00A4B7284A0CBB00668CB8 = {
						CreatedOnToolsVersion = 13.3.1;
					};
					CD00A4BE284A0CBC00668CB8 = {
						CreatedOnToolsVersion = 13.3.1;
						TestTargetID = CD00A4B1284A0CBB00668CB8;
					};
					CD00A4CA284A0CBC00668CB8 = {
						CreatedOnToolsVersion = 13.3.1;
						TestTargetID = CD00A4B7284A0CBB00668CB8;
					};
				};
			};
			buildConfigurationList = CD00A4A9284A0CBB00668CB8 /* Build configuration list for PBXProject "NamePrediction" */;
			compatibilityVersion = "Xcode 13.0";
			developmentRegion = en;
			hasScannedForEncodings = 0;
			knownRegions = (
				en,
				Base,
			);
			mainGroup = CD00A4A5284A0CBB00668CB8;
			productRefGroup = CD00A4B3284A0CBB00668CB8 /* Products */;
			projectDirPath = "";
			projectRoot = "";
			targets = (
				CD00A4B1284A0CBB00668CB8 /* NamePrediction (iOS) */,
				CD00A4B7284A0CBB00668CB8 /* NamePrediction (macOS) */,
				CD00A4BE284A0CBC00668CB8 /* Tests iOS */,
				CD00A4CA284A0CBC00668CB8 /* Tests macOS */,
			);
		};
/* End PBXProject section */

/* Begin PBXResourcesBuildPhase section */
		CD00A4B0284A0CBB00668CB8 /* Resources */ = {
			isa = PBXResourcesBuildPhase;
			buildActionMask = 2147483647;
			files = (
				CD00A4D7284A0CBC00668CB8 /* Assets.xcassets in Resources */,
			);
			runOnlyForDeploymentPostprocessing = 0;
		};
		CD00A4B6284A0CBB00668CB8 /* Resources */ = {
			isa = PBXResourcesBuildPhase;
			buildActionMask = 2147483647;
			files = (
				CD00A4D8284A0CBC00668CB8 /* Assets.xcassets in Resources */,
			);
			runOnlyForDeploymentPostprocessing = 0;
		};
		CD00A4BD284A0CBC00668CB8 /* Resources */ = {
			isa = PBXResourcesBuildPhase;
			buildActionMask = 2147483647;
			files = (
			);
			runOnlyForDeploymentPostprocessing = 0;
		};
		CD00A4C9284A0CBC00668CB8 /* Resources */ = {
			isa = PBXResourcesBuildPhase;
			buildActionMask = 2147483647;
			files = (
			);
			runOnlyForDeploymentPostprocessing = 0;
		};
/* End PBXResourcesBuildPhase section */

/* Begin PBXSourcesBuildPhase section */
		CD00A4AE284A0CBB00668CB8 /* Sources */ = {
			isa = PBXSourcesBuildPhase;
			buildActionMask = 2147483647;
			files = (
				1D9F0C7F284A198200C7AD1E /* HomeView.swift in Sources */,
				1D9F0C84284A1A4F00C7AD1E /* NameView.swift in Sources */,
				CD00A4D5284A0CBC00668CB8 /* ContentView.swift in Sources */,
				CD00A4D3284A0CBC00668CB8 /* NamePredictionApp.swift in Sources */,
			);
			runOnlyForDeploymentPostprocessing = 0;
		};
		CD00A4B4284A0CBB00668CB8 /* Sources */ = {
			isa = PBXSourcesBuildPhase;
			buildActionMask = 2147483647;
			files = (
				1D9F0C80284A198200C7AD1E /* HomeView.swift in Sources */,
				1D9F0C89284A1A8800C7AD1E /* NameView.swift in Sources */,
				CD00A4D6284A0CBC00668CB8 /* ContentView.swift in Sources */,
				CD00A4D4284A0CBC00668CB8 /* NamePredictionApp.swift in Sources */,
			);
			runOnlyForDeploymentPostprocessing = 0;
		};
		CD00A4BB284A0CBC00668CB8 /* Sources */ = {
			isa = PBXSourcesBuildPhase;
			buildActionMask = 2147483647;
			files = (
				1D9F0C81284A198200C7AD1E /* HomeView.swift in Sources */,
				CD00A4C6284A0CBC00668CB8 /* Tests_iOSLaunchTests.swift in Sources */,
				CD00A4C4284A0CBC00668CB8 /* Tests_iOS.swift in Sources */,
			);
			runOnlyForDeploymentPostprocessing = 0;
		};
		CD00A4C7284A0CBC00668CB8 /* Sources */ = {
			isa = PBXSourcesBuildPhase;
			buildActionMask = 2147483647;
			files = (
				1D9F0C82284A198200C7AD1E /* HomeView.swift in Sources */,
				CD00A4D2284A0CBC00668CB8 /* Tests_macOSLaunchTests.swift in Sources */,
				CD00A4D0284A0CBC00668CB8 /* Tests_macOS.swift in Sources */,
			);
			runOnlyForDeploymentPostprocessing = 0;
		};
/* End PBXSourcesBuildPhase section */

/* Begin PBXTargetDependency section */
		CD00A4C1284A0CBC00668CB8 /* PBXTargetDependency */ = {
			isa = PBXTargetDependency;
			target = CD00A4B1284A0CBB00668CB8 /* NamePrediction (iOS) */;
			targetProxy = CD00A4C0284A0CBC00668CB8 /* PBXContainerItemProxy */;
		};
		CD00A4CD284A0CBC00668CB8 /* PBXTargetDependency */ = {
			isa = PBXTargetDependency;
			target = CD00A4B7284A0CBB00668CB8 /* NamePrediction (macOS) */;
			targetProxy = CD00A4CC284A0CBC00668CB8 /* PBXContainerItemProxy */;
		};
/* End PBXTargetDependency section */

/* Begin XCBuildConfiguration section */
		CD00A4D9284A0CBC00668CB8 /* Debug */ = {
			isa = XCBuildConfiguration;
			buildSettings = {
				ALWAYS_SEARCH_USER_PATHS = NO;
				CLANG_ANALYZER_NONNULL = YES;
				CLANG_ANALYZER_NUMBER_OBJECT_CONVERSION = YES_AGGRESSIVE;
				CLANG_CXX_LANGUAGE_STANDARD = "gnu++17";
				CLANG_ENABLE_MODULES = YES;
				CLANG_ENABLE_OBJC_ARC = YES;
				CLANG_ENABLE_OBJC_WEAK = YES;
				CLANG_WARN_BLOCK_CAPTURE_AUTORELEASING = YES;
				CLANG_WARN_BOOL_CONVERSION = YES;
				CLANG_WARN_COMMA = YES;
				CLANG_WARN_CONSTANT_CONVERSION = YES;
				CLANG_WARN_DEPRECATED_OBJC_IMPLEMENTATIONS = YES;
				CLANG_WARN_DIRECT_OBJC_ISA_USAGE = YES_ERROR;
				CLANG_WARN_DOCUMENTATION_COMMENTS = YES;
				CLANG_WARN_EMPTY_BODY = YES;
				CLANG_WARN_ENUM_CONVERSION = YES;
				CLANG_WARN_INFINITE_RECURSION = YES;
				CLANG_WARN_INT_CONVERSION = YES;
				CLANG_WARN_NON_LITERAL_NULL_CONVERSION = YES;
				CLANG_WARN_OBJC_IMPLICIT_RETAIN_SELF = YES;
				CLANG_WARN_OBJC_LITERAL_CONVERSION = YES;
				CLANG_WARN_OBJC_ROOT_CLASS = YES_ERROR;
				CLANG_WARN_QUOTED_INCLUDE_IN_FRAMEWORK_HEADER = YES;
				CLANG_WARN_RANGE_LOOP_ANALYSIS = YES;
				CLANG_WARN_STRICT_PROTOTYPES = YES;
				CLANG_WARN_SUSPICIOUS_MOVE = YES;
				CLANG_WARN_UNGUARDED_AVAILABILITY = YES_AGGRESSIVE;
				CLANG_WARN_UNREACHABLE_CODE = YES;
				CLANG_WARN__DUPLICATE_METHOD_MATCH = YES;
				COPY_PHASE_STRIP = NO;
				DEBUG_INFORMATION_FORMAT = dwarf;
				ENABLE_STRICT_OBJC_MSGSEND = YES;
				ENABLE_TESTABILITY = YES;
				GCC_C_LANGUAGE_STANDARD = gnu11;
				GCC_DYNAMIC_NO_PIC = NO;
				GCC_NO_COMMON_BLOCKS = YES;
				GCC_OPTIMIZATION_LEVEL = 0;
				GCC_PREPROCESSOR_DEFINITIONS = (
					"DEBUG=1",
					"$(inherited)",
				);
				GCC_WARN_64_TO_32_BIT_CONVERSION = YES;
				GCC_WARN_ABOUT_RETURN_TYPE = YES_ERROR;
				GCC_WARN_UNDECLARED_SELECTOR = YES;
				GCC_WARN_UNINITIALIZED_AUTOS = YES_AGGRESSIVE;
				GCC_WARN_UNUSED_FUNCTION = YES;
				GCC_WARN_UNUSED_VARIABLE = YES;
				MTL_ENABLE_DEBUG_INFO = INCLUDE_SOURCE;
				MTL_FAST_MATH = YES;
				ONLY_ACTIVE_ARCH = YES;
				SWIFT_ACTIVE_COMPILATION_CONDITIONS = DEBUG;
				SWIFT_OPTIMIZATION_LEVEL = "-Onone";
			};
			name = Debug;
		};
		CD00A4DA284A0CBC00668CB8 /* Release */ = {
			isa = XCBuildConfiguration;
			buildSettings = {
				ALWAYS_SEARCH_USER_PATHS = NO;
				CLANG_ANALYZER_NONNULL = YES;
				CLANG_ANALYZER_NUMBER_OBJECT_CONVERSION = YES_AGGRESSIVE;
				CLANG_CXX_LANGUAGE_STANDARD = "gnu++17";
				CLANG_ENABLE_MODULES = YES;
				CLANG_ENABLE_OBJC_ARC = YES;
				CLANG_ENABLE_OBJC_WEAK = YES;
				CLANG_WARN_BLOCK_CAPTURE_AUTORELEASING = YES;
				CLANG_WARN_BOOL_CONVERSION = YES;
				CLANG_WARN_COMMA = YES;
				CLANG_WARN_CONSTANT_CONVERSION = YES;
				CLANG_WARN_DEPRECATED_OBJC_IMPLEMENTATIONS = YES;
				CLANG_WARN_DIRECT_OBJC_ISA_USAGE = YES_ERROR;
				CLANG_WARN_DOCUMENTATION_COMMENTS = YES;
				CLANG_WARN_EMPTY_BODY = YES;
				CLANG_WARN_ENUM_CONVERSION = YES;
				CLANG_WARN_INFINITE_RECURSION = YES;
				CLANG_WARN_INT_CONVERSION = YES;
				CLANG_WARN_NON_LITERAL_NULL_CONVERSION = YES;
				CLANG_WARN_OBJC_IMPLICIT_RETAIN_SELF = YES;
				CLANG_WARN_OBJC_LITERAL_CONVERSION = YES;
				CLANG_WARN_OBJC_ROOT_CLASS = YES_ERROR;
				CLANG_WARN_QUOTED_INCLUDE_IN_FRAMEWORK_HEADER = YES;
				CLANG_WARN_RANGE_LOOP_ANALYSIS = YES;
				CLANG_WARN_STRICT_PROTOTYPES = YES;
				CLANG_WARN_SUSPICIOUS_MOVE = YES;
				CLANG_WARN_UNGUARDED_AVAILABILITY = YES_AGGRESSIVE;
				CLANG_WARN_UNREACHABLE_CODE = YES;
				CLANG_WARN__DUPLICATE_METHOD_MATCH = YES;
				COPY_PHASE_STRIP = NO;
				DEBUG_INFORMATION_FORMAT = "dwarf-with-dsym";
				ENABLE_NS_ASSERTIONS = NO;
				ENABLE_STRICT_OBJC_MSGSEND = YES;
				GCC_C_LANGUAGE_STANDARD = gnu11;
				GCC_NO_COMMON_BLOCKS = YES;
				GCC_WARN_64_TO_32_BIT_CONVERSION = YES;
				GCC_WARN_ABOUT_RETURN_TYPE = YES_ERROR;
				GCC_WARN_UNDECLARED_SELECTOR = YES;
				GCC_WARN_UNINITIALIZED_AUTOS = YES_AGGRESSIVE;
				GCC_WARN_UNUSED_FUNCTION = YES;
				GCC_WARN_UNUSED_VARIABLE = YES;
				MTL_ENABLE_DEBUG_INFO = NO;
				MTL_FAST_MATH = YES;
				SWIFT_COMPILATION_MODE = wholemodule;
				SWIFT_OPTIMIZATION_LEVEL = "-O";
			};
			name = Release;
		};
		CD00A4DC284A0CBC00668CB8 /* Debug */ = {
			isa = XCBuildConfiguration;
			buildSettings = {
				ASSETCATALOG_COMPILER_APPICON_NAME = AppIcon;
				ASSETCATALOG_COMPILER_GLOBAL_ACCENT_COLOR_NAME = AccentColor;
				CODE_SIGN_STYLE = Automatic;
				CURRENT_PROJECT_VERSION = 1;
				DEVELOPMENT_TEAM = NWQ65MCZ93;
				ENABLE_PREVIEWS = YES;
				GENERATE_INFOPLIST_FILE = YES;
				INFOPLIST_KEY_UIApplicationSceneManifest_Generation = YES;
				INFOPLIST_KEY_UIApplicationSupportsIndirectInputEvents = YES;
				INFOPLIST_KEY_UILaunchScreen_Generation = YES;
				INFOPLIST_KEY_UISupportedInterfaceOrientations_iPad = "UIInterfaceOrientationPortrait UIInterfaceOrientationPortraitUpsideDown UIInterfaceOrientationLandscapeLeft UIInterfaceOrientationLandscapeRight";
				INFOPLIST_KEY_UISupportedInterfaceOrientations_iPhone = "UIInterfaceOrientationPortrait UIInterfaceOrientationLandscapeLeft UIInterfaceOrientationLandscapeRight";
				IPHONEOS_DEPLOYMENT_TARGET = 15.4;
				LD_RUNPATH_SEARCH_PATHS = (
					"$(inherited)",
					"@executable_path/Frameworks",
				);
				MARKETING_VERSION = 1.0;
				PRODUCT_BUNDLE_IDENTIFIER = com.trouva.NamePrediction;
				PRODUCT_NAME = NamePrediction;
				SDKROOT = iphoneos;
				SWIFT_EMIT_LOC_STRINGS = YES;
				SWIFT_VERSION = 5.0;
				TARGETED_DEVICE_FAMILY = "1,2";
			};
			name = Debug;
		};
		CD00A4DD284A0CBC00668CB8 /* Release */ = {
			isa = XCBuildConfiguration;
			buildSettings = {
				ASSETCATALOG_COMPILER_APPICON_NAME = AppIcon;
				ASSETCATALOG_COMPILER_GLOBAL_ACCENT_COLOR_NAME = AccentColor;
				CODE_SIGN_STYLE = Automatic;
				CURRENT_PROJECT_VERSION = 1;
				DEVELOPMENT_TEAM = NWQ65MCZ93;
				ENABLE_PREVIEWS = YES;
				GENERATE_INFOPLIST_FILE = YES;
				INFOPLIST_KEY_UIApplicationSceneManifest_Generation = YES;
				INFOPLIST_KEY_UIApplicationSupportsIndirectInputEvents = YES;
				INFOPLIST_KEY_UILaunchScreen_Generation = YES;
				INFOPLIST_KEY_UISupportedInterfaceOrientations_iPad = "UIInterfaceOrientationPortrait UIInterfaceOrientationPortraitUpsideDown UIInterfaceOrientationLandscapeLeft UIInterfaceOrientationLandscapeRight";
				INFOPLIST_KEY_UISupportedInterfaceOrientations_iPhone = "UIInterfaceOrientationPortrait UIInterfaceOrientationLandscapeLeft UIInterfaceOrientationLandscapeRight";
				IPHONEOS_DEPLOYMENT_TARGET = 15.4;
				LD_RUNPATH_SEARCH_PATHS = (
					"$(inherited)",
					"@executable_path/Frameworks",
				);
				MARKETING_VERSION = 1.0;
				PRODUCT_BUNDLE_IDENTIFIER = com.trouva.NamePrediction;
				PRODUCT_NAME = NamePrediction;
				SDKROOT = iphoneos;
				SWIFT_EMIT_LOC_STRINGS = YES;
				SWIFT_VERSION = 5.0;
				TARGETED_DEVICE_FAMILY = "1,2";
				VALIDATE_PRODUCT = YES;
			};
			name = Release;
		};
		CD00A4DF284A0CBC00668CB8 /* Debug */ = {
			isa = XCBuildConfiguration;
			buildSettings = {
				ASSETCATALOG_COMPILER_APPICON_NAME = AppIcon;
				ASSETCATALOG_COMPILER_GLOBAL_ACCENT_COLOR_NAME = AccentColor;
				CODE_SIGN_ENTITLEMENTS = macOS/macOS.entitlements;
				CODE_SIGN_STYLE = Automatic;
				COMBINE_HIDPI_IMAGES = YES;
				CURRENT_PROJECT_VERSION = 1;
				DEVELOPMENT_TEAM = NWQ65MCZ93;
				ENABLE_HARDENED_RUNTIME = YES;
				ENABLE_PREVIEWS = YES;
				GENERATE_INFOPLIST_FILE = YES;
				INFOPLIST_KEY_NSHumanReadableCopyright = "";
				LD_RUNPATH_SEARCH_PATHS = (
					"$(inherited)",
					"@executable_path/../Frameworks",
				);
				MACOSX_DEPLOYMENT_TARGET = 12.3;
				MARKETING_VERSION = 1.0;
				PRODUCT_BUNDLE_IDENTIFIER = com.trouva.NamePrediction;
				PRODUCT_NAME = NamePrediction;
				SDKROOT = macosx;
				SWIFT_EMIT_LOC_STRINGS = YES;
				SWIFT_VERSION = 5.0;
			};
			name = Debug;
		};
		CD00A4E0284A0CBC00668CB8 /* Release */ = {
			isa = XCBuildConfiguration;
			buildSettings = {
				ASSETCATALOG_COMPILER_APPICON_NAME = AppIcon;
				ASSETCATALOG_COMPILER_GLOBAL_ACCENT_COLOR_NAME = AccentColor;
				CODE_SIGN_ENTITLEMENTS = macOS/macOS.entitlements;
				CODE_SIGN_STYLE = Automatic;
				COMBINE_HIDPI_IMAGES = YES;
				CURRENT_PROJECT_VERSION = 1;
				DEVELOPMENT_TEAM = NWQ65MCZ93;
				ENABLE_HARDENED_RUNTIME = YES;
				ENABLE_PREVIEWS = YES;
				GENERATE_INFOPLIST_FILE = YES;
				INFOPLIST_KEY_NSHumanReadableCopyright = "";
				LD_RUNPATH_SEARCH_PATHS = (
					"$(inherited)",
					"@executable_path/../Frameworks",
				);
				MACOSX_DEPLOYMENT_TARGET = 12.3;
				MARKETING_VERSION = 1.0;
				PRODUCT_BUNDLE_IDENTIFIER = com.trouva.NamePrediction;
				PRODUCT_NAME = NamePrediction;
				SDKROOT = macosx;
				SWIFT_EMIT_LOC_STRINGS = YES;
				SWIFT_VERSION = 5.0;
			};
			name = Release;
		};
		CD00A4E2284A0CBC00668CB8 /* Debug */ = {
			isa = XCBuildConfiguration;
			buildSettings = {
				ALWAYS_EMBED_SWIFT_STANDARD_LIBRARIES = YES;
				CODE_SIGN_STYLE = Automatic;
				CURRENT_PROJECT_VERSION = 1;
				DEVELOPMENT_TEAM = NWQ65MCZ93;
				GENERATE_INFOPLIST_FILE = YES;
				IPHONEOS_DEPLOYMENT_TARGET = 15.4;
				MARKETING_VERSION = 1.0;
				PRODUCT_BUNDLE_IDENTIFIER = "com.trouva.Tests-iOS";
				PRODUCT_NAME = "$(TARGET_NAME)";
				SDKROOT = iphoneos;
				SWIFT_EMIT_LOC_STRINGS = NO;
				SWIFT_VERSION = 5.0;
				TARGETED_DEVICE_FAMILY = "1,2";
				TEST_TARGET_NAME = "NamePrediction (iOS)";
			};
			name = Debug;
		};
		CD00A4E3284A0CBC00668CB8 /* Release */ = {
			isa = XCBuildConfiguration;
			buildSettings = {
				ALWAYS_EMBED_SWIFT_STANDARD_LIBRARIES = YES;
				CODE_SIGN_STYLE = Automatic;
				CURRENT_PROJECT_VERSION = 1;
				DEVELOPMENT_TEAM = NWQ65MCZ93;
				GENERATE_INFOPLIST_FILE = YES;
				IPHONEOS_DEPLOYMENT_TARGET = 15.4;
				MARKETING_VERSION = 1.0;
				PRODUCT_BUNDLE_IDENTIFIER = "com.trouva.Tests-iOS";
				PRODUCT_NAME = "$(TARGET_NAME)";
				SDKROOT = iphoneos;
				SWIFT_EMIT_LOC_STRINGS = NO;
				SWIFT_VERSION = 5.0;
				TARGETED_DEVICE_FAMILY = "1,2";
				TEST_TARGET_NAME = "NamePrediction (iOS)";
				VALIDATE_PRODUCT = YES;
			};
			name = Release;
		};
		CD00A4E5284A0CBC00668CB8 /* Debug */ = {
			isa = XCBuildConfiguration;
			buildSettings = {
				ALWAYS_EMBED_SWIFT_STANDARD_LIBRARIES = YES;
				CODE_SIGN_STYLE = Automatic;
				CURRENT_PROJECT_VERSION = 1;
				DEVELOPMENT_TEAM = NWQ65MCZ93;
				GENERATE_INFOPLIST_FILE = YES;
				MACOSX_DEPLOYMENT_TARGET = 12.3;
				MARKETING_VERSION = 1.0;
				PRODUCT_BUNDLE_IDENTIFIER = "com.trouva.Tests-macOS";
				PRODUCT_NAME = "$(TARGET_NAME)";
				SDKROOT = macosx;
				SWIFT_EMIT_LOC_STRINGS = NO;
				SWIFT_VERSION = 5.0;
				TEST_TARGET_NAME = "NamePrediction (macOS)";
			};
			name = Debug;
		};
		CD00A4E6284A0CBC00668CB8 /* Release */ = {
			isa = XCBuildConfiguration;
			buildSettings = {
				ALWAYS_EMBED_SWIFT_STANDARD_LIBRARIES = YES;
				CODE_SIGN_STYLE = Automatic;
				CURRENT_PROJECT_VERSION = 1;
				DEVELOPMENT_TEAM = NWQ65MCZ93;
				GENERATE_INFOPLIST_FILE = YES;
				MACOSX_DEPLOYMENT_TARGET = 12.3;
				MARKETING_VERSION = 1.0;
				PRODUCT_BUNDLE_IDENTIFIER = "com.trouva.Tests-macOS";
				PRODUCT_NAME = "$(TARGET_NAME)";
				SDKROOT = macosx;
				SWIFT_EMIT_LOC_STRINGS = NO;
				SWIFT_VERSION = 5.0;
				TEST_TARGET_NAME = "NamePrediction (macOS)";
			};
			name = Release;
		};
/* End XCBuildConfiguration section */

/* Begin XCConfigurationList section */
		CD00A4A9284A0CBB00668CB8 /* Build configuration list for PBXProject "NamePrediction" */ = {
			isa = XCConfigurationList;
			buildConfigurations = (
				CD00A4D9284A0CBC00668CB8 /* Debug */,
				CD00A4DA284A0CBC00668CB8 /* Release */,
			);
			defaultConfigurationIsVisible = 0;
			defaultConfigurationName = Release;
		};
		CD00A4DB284A0CBC00668CB8 /* Build configuration list for PBXNativeTarget "NamePrediction (iOS)" */ = {
			isa = XCConfigurationList;
			buildConfigurations = (
				CD00A4DC284A0CBC00668CB8 /* Debug */,
				CD00A4DD284A0CBC00668CB8 /* Release */,
			);
			defaultConfigurationIsVisible = 0;
			defaultConfigurationName = Release;
		};
		CD00A4DE284A0CBC00668CB8 /* Build configuration list for PBXNativeTarget "NamePrediction (macOS)" */ = {
			isa = XCConfigurationList;
			buildConfigurations = (
				CD00A4DF284A0CBC00668CB8 /* Debug */,
				CD00A4E0284A0CBC00668CB8 /* Release */,
			);
			defaultConfigurationIsVisible = 0;
			defaultConfigurationName = Release;
		};
		CD00A4E1284A0CBC00668CB8 /* Build configuration list for PBXNativeTarget "Tests iOS" */ = {
			isa = XCConfigurationList;
			buildConfigurations = (
				CD00A4E2284A0CBC00668CB8 /* Debug */,
				CD00A4E3284A0CBC00668CB8 /* Release */,
			);
			defaultConfigurationIsVisible = 0;
			defaultConfigurationName = Release;
		};
		CD00A4E4284A0CBC00668CB8 /* Build configuration list for PBXNativeTarget "Tests macOS" */ = {
			isa = XCConfigurationList;
			buildConfigurations = (
				CD00A4E5284A0CBC00668CB8 /* Debug */,
				CD00A4E6284A0CBC00668CB8 /* Release */,
			);
			defaultConfigurationIsVisible = 0;
			defaultConfigurationName = Release;
		};
/* End XCConfigurationList section */
	};
	rootObject = CD00A4A6284A0CBB00668CB8 /* Project object */;
}
